
Microsoft Visual Studio Solution File, Format Version 12.00
# Visual Studio Version 17
VisualStudioVersion = 17.0.32014.148
MinimumVisualStudioVersion = 10.0.40219.1
Project("{9A19103F-16F7-4668-BE54-9A1E7A4F7556}") = "TaskManagementSystem", "TaskManagementSystem\TaskManagementSystem.csproj", "{A7BD9C99-566D-4AC1-81F0-575005CA5F5D}"
EndProject
Project("{2150E333-8FDC-42A3-9474-1A3956D46DE8}") = "amqp", "amqp", "{F4E810BC-A314-459A-AB57-4F5495E9A851}"
EndProject
Project("{9A19103F-16F7-4668-BE54-9A1E7A4F7556}") = "TaskManagementSystem.Amqp", "TaskManagementSystem.Amqp\TaskManagementSystem.Amqp.csproj", "{D7923F3B-910A-4C8E-ACC3-2FCCDC5DE4F9}"
EndProject
Project("{9A19103F-16F7-4668-BE54-9A1E7A4F7556}") = "TaskManagementSystem.RabbitMq", "TaskManagementSystem.RabbitMq\TaskManagementSystem.RabbitMq.csproj", "{D56043ED-279C-4B08-B5A1-47A179A606E0}"
EndProject
Project("{9A19103F-16F7-4668-BE54-9A1E7A4F7556}") = "NUnitTestProject", "NUnitTestProject\NUnitTestProject.csproj", "{6867B602-C371-4F55-87B2-8B435C1D3766}"
EndProject
Global
	GlobalSection(SolutionConfigurationPlatforms) = preSolution
		Debug|Any CPU = Debug|Any CPU
		Release|Any CPU = Release|Any CPU
	EndGlobalSection
	GlobalSection(ProjectConfigurationPlatforms) = postSolution
		{A7BD9C99-566D-4AC1-81F0-575005CA5F5D}.Debug|Any CPU.ActiveCfg = Debug|Any CPU
		{A7BD9C99-566D-4AC1-81F0-575005CA5F5D}.Debug|Any CPU.Build.0 = Debug|Any CPU
		{A7BD9C99-566D-4AC1-81F0-575005CA5F5D}.Release|Any CPU.ActiveCfg = Release|Any CPU
		{A7BD9C99-566D-4AC1-81F0-575005CA5F5D}.Release|Any CPU.Build.0 = Release|Any CPU
		{D7923F3B-910A-4C8E-ACC3-2FCCDC5DE4F9}.Debug|Any CPU.ActiveCfg = Debug|Any CPU
		{D7923F3B-910A-4C8E-ACC3-2FCCDC5DE4F9}.Debug|Any CPU.Build.0 = Debug|Any CPU
		{D7923F3B-910A-4C8E-ACC3-2FCCDC5DE4F9}.Release|Any CPU.ActiveCfg = Release|Any CPU
		{D7923F3B-910A-4C8E-ACC3-2FCCDC5DE4F9}.Release|Any CPU.Build.0 = Release|Any CPU
		{D56043ED-279C-4B08-B5A1-47A179A606E0}.Debug|Any CPU.ActiveCfg = Debug|Any CPU
		{D56043ED-279C-4B08-B5A1-47A179A606E0}.Debug|Any CPU.Build.0 = Debug|Any CPU
		{D56043ED-279C-4B08-B5A1-47A179A606E0}.Release|Any CPU.ActiveCfg = Release|Any CPU
		{D56043ED-279C-4B08-B5A1-47A179A606E0}.Release|Any CPU.Build.0 = Release|Any CPU
		{6867B602-C371-4F55-87B2-8B435C1D3766}.Debug|Any CPU.ActiveCfg = Debug|Any CPU
		{6867B602-C371-4F55-87B2-8B435C1D3766}.Debug|Any CPU.Build.0 = Debug|Any CPU
		{6867B602-C371-4F55-87B2-8B435C1D3766}.Release|Any CPU.ActiveCfg = Release|Any CPU
		{6867B602-C371-4F55-87B2-8B435C1D3766}.Release|Any CPU.Build.0 = Release|Any CPU
	EndGlobalSection
	GlobalSection(SolutionProperties) = preSolution
		HideSolutionNode = FALSE
	EndGlobalSection
	GlobalSection(NestedProjects) = preSolution
		{D7923F3B-910A-4C8E-ACC3-2FCCDC5DE4F9} = {F4E810BC-A314-459A-AB57-4F5495E9A851}
		{D56043ED-279C-4B08-B5A1-47A179A606E0} = {F4E810BC-A314-459A-AB57-4F5495E9A851}
	EndGlobalSection
	GlobalSection(ExtensibilityGlobals) = postSolution
		SolutionGuid = {61626DF0-1F27-4594-8B2C-D7898F6B7428}
	EndGlobalSection
EndGlobal
